
Microsoft Visual Studio Solution File, Format Version 12.00
# Visual Studio Version 17
VisualStudioVersion = 17.12.35527.113 d17.12
MinimumVisualStudioVersion = 10.0.40219.1
Project("{FAE04EC0-301F-11D3-BF4B-00C04F79EFBC}") = "FinanceTracker.Server", "FinanceTracker.Server\FinanceTracker.Server.csproj", "{259FC75C-501C-40EE-AE6A-44B377E2FFB5}"
EndProject
Project("{54A90642-561A-4BB1-A94E-469ADEE60C69}") = "financetracker.client", "financetracker.client\financetracker.client.esproj", "{0C46D392-177B-4D97-98FA-EB16EDF56904}"
EndProject
Global
	GlobalSection(SolutionConfigurationPlatforms) = preSolution
		Debug|Any CPU = Debug|Any CPU
		Release|Any CPU = Release|Any CPU
	EndGlobalSection
	GlobalSection(ProjectConfigurationPlatforms) = postSolution
		{259FC75C-501C-40EE-AE6A-44B377E2FFB5}.Debug|Any CPU.ActiveCfg = Debug|Any CPU
		{259FC75C-501C-40EE-AE6A-44B377E2FFB5}.Debug|Any CPU.Build.0 = Debug|Any CPU
		{259FC75C-501C-40EE-AE6A-44B377E2FFB5}.Release|Any CPU.ActiveCfg = Release|Any CPU
		{259FC75C-501C-40EE-AE6A-44B377E2FFB5}.Release|Any CPU.Build.0 = Release|Any CPU
		{0C46D392-177B-4D97-98FA-EB16EDF56904}.Debug|Any CPU.ActiveCfg = Debug|Any CPU
		{0C46D392-177B-4D97-98FA-EB16EDF56904}.Debug|Any CPU.Build.0 = Debug|Any CPU
		{0C46D392-177B-4D97-98FA-EB16EDF56904}.Debug|Any CPU.Deploy.0 = Debug|Any CPU
		{0C46D392-177B-4D97-98FA-EB16EDF56904}.Release|Any CPU.ActiveCfg = Release|Any CPU
		{0C46D392-177B-4D97-98FA-EB16EDF56904}.Release|Any CPU.Build.0 = Release|Any CPU
		{0C46D392-177B-4D97-98FA-EB16EDF56904}.Release|Any CPU.Deploy.0 = Release|Any CPU
	EndGlobalSection
	GlobalSection(SolutionProperties) = preSolution
		HideSolutionNode = FALSE
	EndGlobalSection
EndGlobal
